
Microsoft Visual Studio Solution File, Format Version 12.00
# Visual Studio Version 17
VisualStudioVersion = 17.9.34728.123
MinimumVisualStudioVersion = 10.0.40219.1
Project("{9A19103F-16F7-4668-BE54-9A1E7A4F7556}") = "RijecRecenice", "RijecRecenice\RijecRecenice.csproj", "{CB99400A-69AC-4170-ADC8-B186C3C44268}"
EndProject
Project("{9A19103F-16F7-4668-BE54-9A1E7A4F7556}") = "OsobaApp", "OsobaApp\OsobaApp.csproj", "{D83252C9-3631-4A78-A882-9EEE6B6797CE}"
EndProject
Project("{9A19103F-16F7-4668-BE54-9A1E7A4F7556}") = "Datumi", "Datumi\Datumi.csproj", "{2FF83F2C-5D73-4073-9FA3-8C6EC74EBDE0}"
EndProject
Project("{FAE04EC0-301F-11D3-BF4B-00C04F79EFBC}") = "Rodjendan", "Rodjendan\Rodjendan.csproj", "{9E154EAD-9CB7-4258-83AD-C7151C449EDF}"
EndProject
Project("{FAE04EC0-301F-11D3-BF4B-00C04F79EFBC}") = "Stoperica", "Stoperica\Stoperica.csproj", "{301C28D4-999F-480C-B4E2-6CDEC74BC825}"
EndProject
Global
	GlobalSection(SolutionConfigurationPlatforms) = preSolution
		Debug|Any CPU = Debug|Any CPU
		Release|Any CPU = Release|Any CPU
	EndGlobalSection
	GlobalSection(ProjectConfigurationPlatforms) = postSolution
		{CB99400A-69AC-4170-ADC8-B186C3C44268}.Debug|Any CPU.ActiveCfg = Debug|Any CPU
		{CB99400A-69AC-4170-ADC8-B186C3C44268}.Debug|Any CPU.Build.0 = Debug|Any CPU
		{CB99400A-69AC-4170-ADC8-B186C3C44268}.Release|Any CPU.ActiveCfg = Release|Any CPU
		{CB99400A-69AC-4170-ADC8-B186C3C44268}.Release|Any CPU.Build.0 = Release|Any CPU
		{D83252C9-3631-4A78-A882-9EEE6B6797CE}.Debug|Any CPU.ActiveCfg = Debug|Any CPU
		{D83252C9-3631-4A78-A882-9EEE6B6797CE}.Debug|Any CPU.Build.0 = Debug|Any CPU
		{D83252C9-3631-4A78-A882-9EEE6B6797CE}.Release|Any CPU.ActiveCfg = Release|Any CPU
		{D83252C9-3631-4A78-A882-9EEE6B6797CE}.Release|Any CPU.Build.0 = Release|Any CPU
		{2FF83F2C-5D73-4073-9FA3-8C6EC74EBDE0}.Debug|Any CPU.ActiveCfg = Debug|Any CPU
		{2FF83F2C-5D73-4073-9FA3-8C6EC74EBDE0}.Debug|Any CPU.Build.0 = Debug|Any CPU
		{2FF83F2C-5D73-4073-9FA3-8C6EC74EBDE0}.Release|Any CPU.ActiveCfg = Release|Any CPU
		{2FF83F2C-5D73-4073-9FA3-8C6EC74EBDE0}.Release|Any CPU.Build.0 = Release|Any CPU
		{9E154EAD-9CB7-4258-83AD-C7151C449EDF}.Debug|Any CPU.ActiveCfg = Debug|Any CPU
		{9E154EAD-9CB7-4258-83AD-C7151C449EDF}.Debug|Any CPU.Build.0 = Debug|Any CPU
		{9E154EAD-9CB7-4258-83AD-C7151C449EDF}.Release|Any CPU.ActiveCfg = Release|Any CPU
		{9E154EAD-9CB7-4258-83AD-C7151C449EDF}.Release|Any CPU.Build.0 = Release|Any CPU
		{301C28D4-999F-480C-B4E2-6CDEC74BC825}.Debug|Any CPU.ActiveCfg = Debug|Any CPU
		{301C28D4-999F-480C-B4E2-6CDEC74BC825}.Debug|Any CPU.Build.0 = Debug|Any CPU
		{301C28D4-999F-480C-B4E2-6CDEC74BC825}.Release|Any CPU.ActiveCfg = Release|Any CPU
		{301C28D4-999F-480C-B4E2-6CDEC74BC825}.Release|Any CPU.Build.0 = Release|Any CPU
	EndGlobalSection
	GlobalSection(SolutionProperties) = preSolution
		HideSolutionNode = FALSE
	EndGlobalSection
	GlobalSection(ExtensibilityGlobals) = postSolution
		SolutionGuid = {2F0386ED-0B5A-4EA4-AC73-E6328FA230B5}
	EndGlobalSection
EndGlobal
