
Microsoft Visual Studio Solution File, Format Version 12.00
# Visual Studio Version 17
VisualStudioVersion = 17.9.34728.123
MinimumVisualStudioVersion = 10.0.40219.1
Project("{FAE04EC0-301F-11D3-BF4B-00C04F79EFBC}") = "UnosBrojeva", "UnosBrojeva\UnosBrojeva.csproj", "{12893272-8DF3-467E-88A1-867685BFA695}"
EndProject
Project("{FAE04EC0-301F-11D3-BF4B-00C04F79EFBC}") = "UnosStringa", "UnosStringa\UnosStringa.csproj", "{E54F3602-FB18-444F-BE31-896CBE0EC617}"
EndProject
Project("{FAE04EC0-301F-11D3-BF4B-00C04F79EFBC}") = "UnosRijeci", "UnosRijeci\UnosRijeci.csproj", "{5584691B-0587-46C8-AC1E-DEE51CCC1290}"
EndProject
Global
	GlobalSection(SolutionConfigurationPlatforms) = preSolution
		Debug|Any CPU = Debug|Any CPU
		Release|Any CPU = Release|Any CPU
	EndGlobalSection
	GlobalSection(ProjectConfigurationPlatforms) = postSolution
		{12893272-8DF3-467E-88A1-867685BFA695}.Debug|Any CPU.ActiveCfg = Debug|Any CPU
		{12893272-8DF3-467E-88A1-867685BFA695}.Debug|Any CPU.Build.0 = Debug|Any CPU
		{12893272-8DF3-467E-88A1-867685BFA695}.Release|Any CPU.ActiveCfg = Release|Any CPU
		{12893272-8DF3-467E-88A1-867685BFA695}.Release|Any CPU.Build.0 = Release|Any CPU
		{E54F3602-FB18-444F-BE31-896CBE0EC617}.Debug|Any CPU.ActiveCfg = Debug|Any CPU
		{E54F3602-FB18-444F-BE31-896CBE0EC617}.Debug|Any CPU.Build.0 = Debug|Any CPU
		{E54F3602-FB18-444F-BE31-896CBE0EC617}.Release|Any CPU.ActiveCfg = Release|Any CPU
		{E54F3602-FB18-444F-BE31-896CBE0EC617}.Release|Any CPU.Build.0 = Release|Any CPU
		{5584691B-0587-46C8-AC1E-DEE51CCC1290}.Debug|Any CPU.ActiveCfg = Debug|Any CPU
		{5584691B-0587-46C8-AC1E-DEE51CCC1290}.Debug|Any CPU.Build.0 = Debug|Any CPU
		{5584691B-0587-46C8-AC1E-DEE51CCC1290}.Release|Any CPU.ActiveCfg = Release|Any CPU
		{5584691B-0587-46C8-AC1E-DEE51CCC1290}.Release|Any CPU.Build.0 = Release|Any CPU
	EndGlobalSection
	GlobalSection(SolutionProperties) = preSolution
		HideSolutionNode = FALSE
	EndGlobalSection
	GlobalSection(ExtensibilityGlobals) = postSolution
		SolutionGuid = {0CF16D17-4135-4129-A090-CCBEE20B935C}
	EndGlobalSection
EndGlobal
