
Microsoft Visual Studio Solution File, Format Version 12.00
# Visual Studio Version 17
VisualStudioVersion = 17.9.34701.34
MinimumVisualStudioVersion = 10.0.40219.1
Project("{FAE04EC0-301F-11D3-BF4B-00C04F79EFBC}") = "Nizovi", "Nizovi\Nizovi.csproj", "{9348162C-7D36-420E-8CC3-54734E66741B}"
EndProject
Project("{FAE04EC0-301F-11D3-BF4B-00C04F79EFBC}") = "ArrayListKolekcija", "ArrayListKolekcija\ArrayListKolekcija.csproj", "{8534E4DA-59E7-49C1-8110-1CA0FDF19C90}"
EndProject
Global
	GlobalSection(SolutionConfigurationPlatforms) = preSolution
		Debug|Any CPU = Debug|Any CPU
		Release|Any CPU = Release|Any CPU
	EndGlobalSection
	GlobalSection(ProjectConfigurationPlatforms) = postSolution
		{9348162C-7D36-420E-8CC3-54734E66741B}.Debug|Any CPU.ActiveCfg = Debug|Any CPU
		{9348162C-7D36-420E-8CC3-54734E66741B}.Debug|Any CPU.Build.0 = Debug|Any CPU
		{9348162C-7D36-420E-8CC3-54734E66741B}.Release|Any CPU.ActiveCfg = Release|Any CPU
		{9348162C-7D36-420E-8CC3-54734E66741B}.Release|Any CPU.Build.0 = Release|Any CPU
		{8534E4DA-59E7-49C1-8110-1CA0FDF19C90}.Debug|Any CPU.ActiveCfg = Debug|Any CPU
		{8534E4DA-59E7-49C1-8110-1CA0FDF19C90}.Debug|Any CPU.Build.0 = Debug|Any CPU
		{8534E4DA-59E7-49C1-8110-1CA0FDF19C90}.Release|Any CPU.ActiveCfg = Release|Any CPU
		{8534E4DA-59E7-49C1-8110-1CA0FDF19C90}.Release|Any CPU.Build.0 = Release|Any CPU
	EndGlobalSection
	GlobalSection(SolutionProperties) = preSolution
		HideSolutionNode = FALSE
	EndGlobalSection
	GlobalSection(ExtensibilityGlobals) = postSolution
		SolutionGuid = {3EB65694-0450-4A89-B8A9-18602B9BE8FC}
	EndGlobalSection
EndGlobal
