
Microsoft Visual Studio Solution File, Format Version 12.00
# Visual Studio Version 17
VisualStudioVersion = 17.9.34728.123
MinimumVisualStudioVersion = 10.0.40219.1
Project("{9A19103F-16F7-4668-BE54-9A1E7A4F7556}") = "Zadatak1", "Zadatak1\Zadatak1.csproj", "{722A15F8-A289-43DE-83B3-F9971086B813}"
EndProject
Project("{FAE04EC0-301F-11D3-BF4B-00C04F79EFBC}") = "Zadatak2", "Zadatak2\Zadatak2.csproj", "{E5D842AF-B00E-4ED6-AB4F-61AC5942DD13}"
EndProject
Project("{FAE04EC0-301F-11D3-BF4B-00C04F79EFBC}") = "Zadatak3", "Zadatak3\Zadatak3.csproj", "{B95955CA-5ECC-4A0C-9A02-57CC381B5DD7}"
EndProject
Global
	GlobalSection(SolutionConfigurationPlatforms) = preSolution
		Debug|Any CPU = Debug|Any CPU
		Release|Any CPU = Release|Any CPU
	EndGlobalSection
	GlobalSection(ProjectConfigurationPlatforms) = postSolution
		{722A15F8-A289-43DE-83B3-F9971086B813}.Debug|Any CPU.ActiveCfg = Debug|Any CPU
		{722A15F8-A289-43DE-83B3-F9971086B813}.Debug|Any CPU.Build.0 = Debug|Any CPU
		{722A15F8-A289-43DE-83B3-F9971086B813}.Release|Any CPU.ActiveCfg = Release|Any CPU
		{722A15F8-A289-43DE-83B3-F9971086B813}.Release|Any CPU.Build.0 = Release|Any CPU
		{E5D842AF-B00E-4ED6-AB4F-61AC5942DD13}.Debug|Any CPU.ActiveCfg = Debug|Any CPU
		{E5D842AF-B00E-4ED6-AB4F-61AC5942DD13}.Debug|Any CPU.Build.0 = Debug|Any CPU
		{E5D842AF-B00E-4ED6-AB4F-61AC5942DD13}.Release|Any CPU.ActiveCfg = Release|Any CPU
		{E5D842AF-B00E-4ED6-AB4F-61AC5942DD13}.Release|Any CPU.Build.0 = Release|Any CPU
		{B95955CA-5ECC-4A0C-9A02-57CC381B5DD7}.Debug|Any CPU.ActiveCfg = Debug|Any CPU
		{B95955CA-5ECC-4A0C-9A02-57CC381B5DD7}.Debug|Any CPU.Build.0 = Debug|Any CPU
		{B95955CA-5ECC-4A0C-9A02-57CC381B5DD7}.Release|Any CPU.ActiveCfg = Release|Any CPU
		{B95955CA-5ECC-4A0C-9A02-57CC381B5DD7}.Release|Any CPU.Build.0 = Release|Any CPU
	EndGlobalSection
	GlobalSection(SolutionProperties) = preSolution
		HideSolutionNode = FALSE
	EndGlobalSection
	GlobalSection(ExtensibilityGlobals) = postSolution
		SolutionGuid = {8F64C0F1-3B8F-4717-8011-D082E5B6BD53}
	EndGlobalSection
EndGlobal
