
Microsoft Visual Studio Solution File, Format Version 12.00
# Visual Studio Version 17
VisualStudioVersion = 17.10.34928.147
MinimumVisualStudioVersion = 10.0.40219.1
Project("{FAE04EC0-301F-11D3-BF4B-00C04F79EFBC}") = "PosudbaApp", "PosudbaApp\PosudbaApp.csproj", "{405A3F3F-A94C-4A45-A499-02FEDB48B732}"
EndProject
Project("{FAE04EC0-301F-11D3-BF4B-00C04F79EFBC}") = "DAL", "DAL\DAL.csproj", "{F77561CC-669B-4B40-96C8-6BBEE1183D12}"
EndProject
Global
	GlobalSection(SolutionConfigurationPlatforms) = preSolution
		Debug|Any CPU = Debug|Any CPU
		Release|Any CPU = Release|Any CPU
	EndGlobalSection
	GlobalSection(ProjectConfigurationPlatforms) = postSolution
		{405A3F3F-A94C-4A45-A499-02FEDB48B732}.Debug|Any CPU.ActiveCfg = Debug|Any CPU
		{405A3F3F-A94C-4A45-A499-02FEDB48B732}.Debug|Any CPU.Build.0 = Debug|Any CPU
		{405A3F3F-A94C-4A45-A499-02FEDB48B732}.Release|Any CPU.ActiveCfg = Release|Any CPU
		{405A3F3F-A94C-4A45-A499-02FEDB48B732}.Release|Any CPU.Build.0 = Release|Any CPU
		{F77561CC-669B-4B40-96C8-6BBEE1183D12}.Debug|Any CPU.ActiveCfg = Debug|Any CPU
		{F77561CC-669B-4B40-96C8-6BBEE1183D12}.Debug|Any CPU.Build.0 = Debug|Any CPU
		{F77561CC-669B-4B40-96C8-6BBEE1183D12}.Release|Any CPU.ActiveCfg = Release|Any CPU
		{F77561CC-669B-4B40-96C8-6BBEE1183D12}.Release|Any CPU.Build.0 = Release|Any CPU
	EndGlobalSection
	GlobalSection(SolutionProperties) = preSolution
		HideSolutionNode = FALSE
	EndGlobalSection
	GlobalSection(ExtensibilityGlobals) = postSolution
		SolutionGuid = {8A9085BA-0B65-445C-8A9B-2FB706CCAF75}
	EndGlobalSection
EndGlobal
