
Microsoft Visual Studio Solution File, Format Version 12.00
# Visual Studio Version 17
VisualStudioVersion = 17.9.34728.123
MinimumVisualStudioVersion = 10.0.40219.1
Project("{FAE04EC0-301F-11D3-BF4B-00C04F79EFBC}") = "Zadatak1", "Zadatak1\Zadatak1.csproj", "{5A8A59DC-4F56-4C45-BC5D-65292AA89115}"
EndProject
Project("{FAE04EC0-301F-11D3-BF4B-00C04F79EFBC}") = "Zadatak2", "Zadatak2\Zadatak2.csproj", "{DA7E257C-780D-4C5C-9177-A6F7478DFAF9}"
EndProject
Project("{FAE04EC0-301F-11D3-BF4B-00C04F79EFBC}") = "Zadatak3", "Zadatak3\Zadatak3.csproj", "{75FDCB5F-59E1-4EBE-98E9-BEE73DEA4F9C}"
EndProject
Global
	GlobalSection(SolutionConfigurationPlatforms) = preSolution
		Debug|Any CPU = Debug|Any CPU
		Release|Any CPU = Release|Any CPU
	EndGlobalSection
	GlobalSection(ProjectConfigurationPlatforms) = postSolution
		{5A8A59DC-4F56-4C45-BC5D-65292AA89115}.Debug|Any CPU.ActiveCfg = Debug|Any CPU
		{5A8A59DC-4F56-4C45-BC5D-65292AA89115}.Debug|Any CPU.Build.0 = Debug|Any CPU
		{5A8A59DC-4F56-4C45-BC5D-65292AA89115}.Release|Any CPU.ActiveCfg = Release|Any CPU
		{5A8A59DC-4F56-4C45-BC5D-65292AA89115}.Release|Any CPU.Build.0 = Release|Any CPU
		{DA7E257C-780D-4C5C-9177-A6F7478DFAF9}.Debug|Any CPU.ActiveCfg = Debug|Any CPU
		{DA7E257C-780D-4C5C-9177-A6F7478DFAF9}.Debug|Any CPU.Build.0 = Debug|Any CPU
		{DA7E257C-780D-4C5C-9177-A6F7478DFAF9}.Release|Any CPU.ActiveCfg = Release|Any CPU
		{DA7E257C-780D-4C5C-9177-A6F7478DFAF9}.Release|Any CPU.Build.0 = Release|Any CPU
		{75FDCB5F-59E1-4EBE-98E9-BEE73DEA4F9C}.Debug|Any CPU.ActiveCfg = Debug|Any CPU
		{75FDCB5F-59E1-4EBE-98E9-BEE73DEA4F9C}.Debug|Any CPU.Build.0 = Debug|Any CPU
		{75FDCB5F-59E1-4EBE-98E9-BEE73DEA4F9C}.Release|Any CPU.ActiveCfg = Release|Any CPU
		{75FDCB5F-59E1-4EBE-98E9-BEE73DEA4F9C}.Release|Any CPU.Build.0 = Release|Any CPU
	EndGlobalSection
	GlobalSection(SolutionProperties) = preSolution
		HideSolutionNode = FALSE
	EndGlobalSection
	GlobalSection(ExtensibilityGlobals) = postSolution
		SolutionGuid = {7D7D22CF-282F-4CE8-BC72-7FC12BBD82ED}
	EndGlobalSection
EndGlobal
