
Microsoft Visual Studio Solution File, Format Version 12.00
# Visual Studio Version 17
VisualStudioVersion = 17.9.34714.143
MinimumVisualStudioVersion = 10.0.40219.1
Project("{9A19103F-16F7-4668-BE54-9A1E7A4F7556}") = "Zadatak10", "Zadatak10\Zadatak10.csproj", "{32742B94-7BC3-4387-A7DC-8E2AD800CD51}"
EndProject
Project("{9A19103F-16F7-4668-BE54-9A1E7A4F7556}") = "Zadatak11", "Zadatak11\Zadatak11.csproj", "{6C6017F7-8888-4227-8AC0-A73074FF0C50}"
EndProject
Project("{9A19103F-16F7-4668-BE54-9A1E7A4F7556}") = "Zadatak01", "Zadatak01\Zadatak01.csproj", "{215B7DAC-341C-4CEB-A18B-3F4CB5AD2022}"
EndProject
Project("{9A19103F-16F7-4668-BE54-9A1E7A4F7556}") = "Zadatak02", "Zadatak02\Zadatak02.csproj", "{D171A64E-C3CE-4C93-96D0-6F4F79F03181}"
EndProject
Project("{9A19103F-16F7-4668-BE54-9A1E7A4F7556}") = "Zadatak03", "Zadatak03\Zadatak03.csproj", "{43FC8D0C-5032-4962-A11A-F0F049052275}"
EndProject
Project("{9A19103F-16F7-4668-BE54-9A1E7A4F7556}") = "Zadatak04", "Zadatak04\Zadatak04.csproj", "{4676A3E8-A153-428E-8130-94D4E4F61359}"
EndProject
Project("{9A19103F-16F7-4668-BE54-9A1E7A4F7556}") = "Zadatak05", "Zadatak05\Zadatak05.csproj", "{E27D64EF-2D05-4B7A-9108-2DB70F21B4B5}"
EndProject
Project("{9A19103F-16F7-4668-BE54-9A1E7A4F7556}") = "Zadatak06", "Zadatak06\Zadatak06.csproj", "{53EB9F0B-6171-4504-BA18-CC26FF7E05F4}"
EndProject
Project("{9A19103F-16F7-4668-BE54-9A1E7A4F7556}") = "Zadatak07", "Zadatak07\Zadatak07.csproj", "{749D36FC-64CC-41D6-99E2-4952E5175E71}"
EndProject
Project("{9A19103F-16F7-4668-BE54-9A1E7A4F7556}") = "Zadatak08", "Zadatak08\Zadatak08.csproj", "{5F715741-92CA-4E70-80C5-3060E10932DA}"
EndProject
Project("{9A19103F-16F7-4668-BE54-9A1E7A4F7556}") = "Zadatak09", "Zadatak09\Zadatak09.csproj", "{A06738B4-331F-42F9-8625-640EC0347859}"
EndProject
Project("{9A19103F-16F7-4668-BE54-9A1E7A4F7556}") = "Zadatak12", "Zadatak12\Zadatak12.csproj", "{E75B4828-2647-4E8C-B6FE-28BB3CC7C43C}"
EndProject
Project("{9A19103F-16F7-4668-BE54-9A1E7A4F7556}") = "Zadatak13", "Zadatak13\Zadatak13.csproj", "{6AF5BF08-75BB-40D3-89B6-955877E3DFCC}"
EndProject
Project("{9A19103F-16F7-4668-BE54-9A1E7A4F7556}") = "Zadatak14", "Zadatak14\Zadatak14.csproj", "{ADBF871B-E857-417D-9F5F-5E725FC1E3D7}"
EndProject
Project("{9A19103F-16F7-4668-BE54-9A1E7A4F7556}") = "Zadatak15", "Zadatak15\Zadatak15.csproj", "{0748F78A-9670-44FC-B29B-D9BBBAE9312C}"
EndProject
Project("{9A19103F-16F7-4668-BE54-9A1E7A4F7556}") = "Zadatak15_1", "Zadatak15_1\Zadatak15_1.csproj", "{8554CA1F-19D8-4A47-8C21-9AC9868722A8}"
EndProject
Project("{9A19103F-16F7-4668-BE54-9A1E7A4F7556}") = "Zadatak15_2", "Zadatak15_2\Zadatak15_2.csproj", "{303CB1C6-5BA3-4B06-800B-34E76B2BFE92}"
EndProject
Project("{9A19103F-16F7-4668-BE54-9A1E7A4F7556}") = "Zadatak15_3", "Zadatak15_3\Zadatak15_3.csproj", "{3A1608CA-42FB-4C49-9CC2-2D0B1D3D3AAD}"
EndProject
Project("{9A19103F-16F7-4668-BE54-9A1E7A4F7556}") = "Zadatak15_4", "Zadatak15_4\Zadatak15_4.csproj", "{A03558AA-E224-484C-AE95-EE5E2BF87453}"
EndProject
Project("{FAE04EC0-301F-11D3-BF4B-00C04F79EFBC}") = "LogLineApp", "LogLineApp\LogLineApp.csproj", "{18EEC345-EBE5-4383-9870-214116C14DC2}"
EndProject
Global
	GlobalSection(SolutionConfigurationPlatforms) = preSolution
		Debug|Any CPU = Debug|Any CPU
		Release|Any CPU = Release|Any CPU
	EndGlobalSection
	GlobalSection(ProjectConfigurationPlatforms) = postSolution
		{32742B94-7BC3-4387-A7DC-8E2AD800CD51}.Debug|Any CPU.ActiveCfg = Debug|Any CPU
		{32742B94-7BC3-4387-A7DC-8E2AD800CD51}.Debug|Any CPU.Build.0 = Debug|Any CPU
		{32742B94-7BC3-4387-A7DC-8E2AD800CD51}.Release|Any CPU.ActiveCfg = Release|Any CPU
		{32742B94-7BC3-4387-A7DC-8E2AD800CD51}.Release|Any CPU.Build.0 = Release|Any CPU
		{6C6017F7-8888-4227-8AC0-A73074FF0C50}.Debug|Any CPU.ActiveCfg = Debug|Any CPU
		{6C6017F7-8888-4227-8AC0-A73074FF0C50}.Debug|Any CPU.Build.0 = Debug|Any CPU
		{6C6017F7-8888-4227-8AC0-A73074FF0C50}.Release|Any CPU.ActiveCfg = Release|Any CPU
		{6C6017F7-8888-4227-8AC0-A73074FF0C50}.Release|Any CPU.Build.0 = Release|Any CPU
		{215B7DAC-341C-4CEB-A18B-3F4CB5AD2022}.Debug|Any CPU.ActiveCfg = Debug|Any CPU
		{215B7DAC-341C-4CEB-A18B-3F4CB5AD2022}.Debug|Any CPU.Build.0 = Debug|Any CPU
		{215B7DAC-341C-4CEB-A18B-3F4CB5AD2022}.Release|Any CPU.ActiveCfg = Release|Any CPU
		{215B7DAC-341C-4CEB-A18B-3F4CB5AD2022}.Release|Any CPU.Build.0 = Release|Any CPU
		{D171A64E-C3CE-4C93-96D0-6F4F79F03181}.Debug|Any CPU.ActiveCfg = Debug|Any CPU
		{D171A64E-C3CE-4C93-96D0-6F4F79F03181}.Debug|Any CPU.Build.0 = Debug|Any CPU
		{D171A64E-C3CE-4C93-96D0-6F4F79F03181}.Release|Any CPU.ActiveCfg = Release|Any CPU
		{D171A64E-C3CE-4C93-96D0-6F4F79F03181}.Release|Any CPU.Build.0 = Release|Any CPU
		{43FC8D0C-5032-4962-A11A-F0F049052275}.Debug|Any CPU.ActiveCfg = Debug|Any CPU
		{43FC8D0C-5032-4962-A11A-F0F049052275}.Debug|Any CPU.Build.0 = Debug|Any CPU
		{43FC8D0C-5032-4962-A11A-F0F049052275}.Release|Any CPU.ActiveCfg = Release|Any CPU
		{43FC8D0C-5032-4962-A11A-F0F049052275}.Release|Any CPU.Build.0 = Release|Any CPU
		{4676A3E8-A153-428E-8130-94D4E4F61359}.Debug|Any CPU.ActiveCfg = Debug|Any CPU
		{4676A3E8-A153-428E-8130-94D4E4F61359}.Debug|Any CPU.Build.0 = Debug|Any CPU
		{4676A3E8-A153-428E-8130-94D4E4F61359}.Release|Any CPU.ActiveCfg = Release|Any CPU
		{4676A3E8-A153-428E-8130-94D4E4F61359}.Release|Any CPU.Build.0 = Release|Any CPU
		{E27D64EF-2D05-4B7A-9108-2DB70F21B4B5}.Debug|Any CPU.ActiveCfg = Debug|Any CPU
		{E27D64EF-2D05-4B7A-9108-2DB70F21B4B5}.Debug|Any CPU.Build.0 = Debug|Any CPU
		{E27D64EF-2D05-4B7A-9108-2DB70F21B4B5}.Release|Any CPU.ActiveCfg = Release|Any CPU
		{E27D64EF-2D05-4B7A-9108-2DB70F21B4B5}.Release|Any CPU.Build.0 = Release|Any CPU
		{53EB9F0B-6171-4504-BA18-CC26FF7E05F4}.Debug|Any CPU.ActiveCfg = Debug|Any CPU
		{53EB9F0B-6171-4504-BA18-CC26FF7E05F4}.Debug|Any CPU.Build.0 = Debug|Any CPU
		{53EB9F0B-6171-4504-BA18-CC26FF7E05F4}.Release|Any CPU.ActiveCfg = Release|Any CPU
		{53EB9F0B-6171-4504-BA18-CC26FF7E05F4}.Release|Any CPU.Build.0 = Release|Any CPU
		{749D36FC-64CC-41D6-99E2-4952E5175E71}.Debug|Any CPU.ActiveCfg = Debug|Any CPU
		{749D36FC-64CC-41D6-99E2-4952E5175E71}.Debug|Any CPU.Build.0 = Debug|Any CPU
		{749D36FC-64CC-41D6-99E2-4952E5175E71}.Release|Any CPU.ActiveCfg = Release|Any CPU
		{749D36FC-64CC-41D6-99E2-4952E5175E71}.Release|Any CPU.Build.0 = Release|Any CPU
		{5F715741-92CA-4E70-80C5-3060E10932DA}.Debug|Any CPU.ActiveCfg = Debug|Any CPU
		{5F715741-92CA-4E70-80C5-3060E10932DA}.Debug|Any CPU.Build.0 = Debug|Any CPU
		{5F715741-92CA-4E70-80C5-3060E10932DA}.Release|Any CPU.ActiveCfg = Release|Any CPU
		{5F715741-92CA-4E70-80C5-3060E10932DA}.Release|Any CPU.Build.0 = Release|Any CPU
		{A06738B4-331F-42F9-8625-640EC0347859}.Debug|Any CPU.ActiveCfg = Debug|Any CPU
		{A06738B4-331F-42F9-8625-640EC0347859}.Debug|Any CPU.Build.0 = Debug|Any CPU
		{A06738B4-331F-42F9-8625-640EC0347859}.Release|Any CPU.ActiveCfg = Release|Any CPU
		{A06738B4-331F-42F9-8625-640EC0347859}.Release|Any CPU.Build.0 = Release|Any CPU
		{E75B4828-2647-4E8C-B6FE-28BB3CC7C43C}.Debug|Any CPU.ActiveCfg = Debug|Any CPU
		{E75B4828-2647-4E8C-B6FE-28BB3CC7C43C}.Debug|Any CPU.Build.0 = Debug|Any CPU
		{E75B4828-2647-4E8C-B6FE-28BB3CC7C43C}.Release|Any CPU.ActiveCfg = Release|Any CPU
		{E75B4828-2647-4E8C-B6FE-28BB3CC7C43C}.Release|Any CPU.Build.0 = Release|Any CPU
		{6AF5BF08-75BB-40D3-89B6-955877E3DFCC}.Debug|Any CPU.ActiveCfg = Debug|Any CPU
		{6AF5BF08-75BB-40D3-89B6-955877E3DFCC}.Debug|Any CPU.Build.0 = Debug|Any CPU
		{6AF5BF08-75BB-40D3-89B6-955877E3DFCC}.Release|Any CPU.ActiveCfg = Release|Any CPU
		{6AF5BF08-75BB-40D3-89B6-955877E3DFCC}.Release|Any CPU.Build.0 = Release|Any CPU
		{ADBF871B-E857-417D-9F5F-5E725FC1E3D7}.Debug|Any CPU.ActiveCfg = Debug|Any CPU
		{ADBF871B-E857-417D-9F5F-5E725FC1E3D7}.Debug|Any CPU.Build.0 = Debug|Any CPU
		{ADBF871B-E857-417D-9F5F-5E725FC1E3D7}.Release|Any CPU.ActiveCfg = Release|Any CPU
		{ADBF871B-E857-417D-9F5F-5E725FC1E3D7}.Release|Any CPU.Build.0 = Release|Any CPU
		{0748F78A-9670-44FC-B29B-D9BBBAE9312C}.Debug|Any CPU.ActiveCfg = Debug|Any CPU
		{0748F78A-9670-44FC-B29B-D9BBBAE9312C}.Debug|Any CPU.Build.0 = Debug|Any CPU
		{0748F78A-9670-44FC-B29B-D9BBBAE9312C}.Release|Any CPU.ActiveCfg = Release|Any CPU
		{0748F78A-9670-44FC-B29B-D9BBBAE9312C}.Release|Any CPU.Build.0 = Release|Any CPU
		{8554CA1F-19D8-4A47-8C21-9AC9868722A8}.Debug|Any CPU.ActiveCfg = Debug|Any CPU
		{8554CA1F-19D8-4A47-8C21-9AC9868722A8}.Debug|Any CPU.Build.0 = Debug|Any CPU
		{8554CA1F-19D8-4A47-8C21-9AC9868722A8}.Release|Any CPU.ActiveCfg = Release|Any CPU
		{8554CA1F-19D8-4A47-8C21-9AC9868722A8}.Release|Any CPU.Build.0 = Release|Any CPU
		{303CB1C6-5BA3-4B06-800B-34E76B2BFE92}.Debug|Any CPU.ActiveCfg = Debug|Any CPU
		{303CB1C6-5BA3-4B06-800B-34E76B2BFE92}.Debug|Any CPU.Build.0 = Debug|Any CPU
		{303CB1C6-5BA3-4B06-800B-34E76B2BFE92}.Release|Any CPU.ActiveCfg = Release|Any CPU
		{303CB1C6-5BA3-4B06-800B-34E76B2BFE92}.Release|Any CPU.Build.0 = Release|Any CPU
		{3A1608CA-42FB-4C49-9CC2-2D0B1D3D3AAD}.Debug|Any CPU.ActiveCfg = Debug|Any CPU
		{3A1608CA-42FB-4C49-9CC2-2D0B1D3D3AAD}.Debug|Any CPU.Build.0 = Debug|Any CPU
		{3A1608CA-42FB-4C49-9CC2-2D0B1D3D3AAD}.Release|Any CPU.ActiveCfg = Release|Any CPU
		{3A1608CA-42FB-4C49-9CC2-2D0B1D3D3AAD}.Release|Any CPU.Build.0 = Release|Any CPU
		{A03558AA-E224-484C-AE95-EE5E2BF87453}.Debug|Any CPU.ActiveCfg = Debug|Any CPU
		{A03558AA-E224-484C-AE95-EE5E2BF87453}.Debug|Any CPU.Build.0 = Debug|Any CPU
		{A03558AA-E224-484C-AE95-EE5E2BF87453}.Release|Any CPU.ActiveCfg = Release|Any CPU
		{A03558AA-E224-484C-AE95-EE5E2BF87453}.Release|Any CPU.Build.0 = Release|Any CPU
		{18EEC345-EBE5-4383-9870-214116C14DC2}.Debug|Any CPU.ActiveCfg = Debug|Any CPU
		{18EEC345-EBE5-4383-9870-214116C14DC2}.Debug|Any CPU.Build.0 = Debug|Any CPU
		{18EEC345-EBE5-4383-9870-214116C14DC2}.Release|Any CPU.ActiveCfg = Release|Any CPU
		{18EEC345-EBE5-4383-9870-214116C14DC2}.Release|Any CPU.Build.0 = Release|Any CPU
	EndGlobalSection
	GlobalSection(SolutionProperties) = preSolution
		HideSolutionNode = FALSE
	EndGlobalSection
	GlobalSection(ExtensibilityGlobals) = postSolution
		SolutionGuid = {E8862E4C-981D-4701-A4E6-B35B1FF53AA5}
	EndGlobalSection
EndGlobal
